
Microsoft Visual Studio Solution File, Format Version 12.00
# Visual Studio 15
VisualStudioVersion = 15.0.26403.7
MinimumVisualStudioVersion = 10.0.40219.1
Project("{FAE04EC0-301F-11D3-BF4B-00C04F79EFBC}") = "TrainningWebApplication", "TrainningWebApplication\TrainningWebApplication.csproj", "{39D36AD5-2DC9-4454-BC24-C5567A314BBD}"
EndProject
Project("{FAE04EC0-301F-11D3-BF4B-00C04F79EFBC}") = "TrainningData", "TrainningData\TrainningData.csproj", "{C3963145-31F3-4595-9B61-5132ED2F1DDF}"
EndProject
Project("{FAE04EC0-301F-11D3-BF4B-00C04F79EFBC}") = "TrainingXUnitTestProject", "TrainingXUnitTestProject\TrainingXUnitTestProject.csproj", "{D6761002-7D8E-43D2-A3EE-152B76D0BD4B}"
EndProject
Global
	GlobalSection(SolutionConfigurationPlatforms) = preSolution
		Debug|Any CPU = Debug|Any CPU
		Release|Any CPU = Release|Any CPU
	EndGlobalSection
	GlobalSection(ProjectConfigurationPlatforms) = postSolution
		{39D36AD5-2DC9-4454-BC24-C5567A314BBD}.Debug|Any CPU.ActiveCfg = Debug|Any CPU
		{39D36AD5-2DC9-4454-BC24-C5567A314BBD}.Debug|Any CPU.Build.0 = Debug|Any CPU
		{39D36AD5-2DC9-4454-BC24-C5567A314BBD}.Release|Any CPU.ActiveCfg = Release|Any CPU
		{39D36AD5-2DC9-4454-BC24-C5567A314BBD}.Release|Any CPU.Build.0 = Release|Any CPU
		{C3963145-31F3-4595-9B61-5132ED2F1DDF}.Debug|Any CPU.ActiveCfg = Debug|Any CPU
		{C3963145-31F3-4595-9B61-5132ED2F1DDF}.Debug|Any CPU.Build.0 = Debug|Any CPU
		{C3963145-31F3-4595-9B61-5132ED2F1DDF}.Release|Any CPU.ActiveCfg = Release|Any CPU
		{C3963145-31F3-4595-9B61-5132ED2F1DDF}.Release|Any CPU.Build.0 = Release|Any CPU
		{D6761002-7D8E-43D2-A3EE-152B76D0BD4B}.Debug|Any CPU.ActiveCfg = Debug|Any CPU
		{D6761002-7D8E-43D2-A3EE-152B76D0BD4B}.Debug|Any CPU.Build.0 = Debug|Any CPU
		{D6761002-7D8E-43D2-A3EE-152B76D0BD4B}.Release|Any CPU.ActiveCfg = Release|Any CPU
		{D6761002-7D8E-43D2-A3EE-152B76D0BD4B}.Release|Any CPU.Build.0 = Release|Any CPU
	EndGlobalSection
	GlobalSection(SolutionProperties) = preSolution
		HideSolutionNode = FALSE
	EndGlobalSection
EndGlobal
